# Copyright 2026 agent-scale contributors
# SPDX-License-Identifier: Apache-2.0

# name      repository                               commit
fd          https://github.com/sharkdp/fd.git         7027d45303b412be6fa9c09d689cc6276748fb38
ripgrep     https://github.com/BurntSushi/ripgrep.git e89fff89ac9af12e8d4ce9d5fd07beb408ca730f
